
Microsoft Visual Studio Solution File, Format Version 12.00
# Visual Studio Version 17
VisualStudioVersion = 17.0.32112.339
MinimumVisualStudioVersion = 10.0.40219.1
Project("{9A19103F-16F7-4668-BE54-9A1E7A4F7556}") = "ClassesExerciseOne", "ClassesExerciseOne\ClassesExerciseOne.csproj", "{56ACFBD6-90F7-4CE6-BA5E-E20CE91D649E}"
EndProject
Project("{FAE04EC0-301F-11D3-BF4B-00C04F79EFBC}") = "InheritanceExercise", "InheritanceExercise\InheritanceExercise.csproj", "{AA85EEB3-0632-476E-BF31-03FE8A581A60}"
EndProject
Project("{FAE04EC0-301F-11D3-BF4B-00C04F79EFBC}") = "ClassesExerciseTwo", "ClassesExerciseTwo\ClassesExerciseTwo.csproj", "{C73C8808-A963-4C06-9435-8317409946A5}"
EndProject
Global
	GlobalSection(SolutionConfigurationPlatforms) = preSolution
		Debug|Any CPU = Debug|Any CPU
		Release|Any CPU = Release|Any CPU
	EndGlobalSection
	GlobalSection(ProjectConfigurationPlatforms) = postSolution
  
		{56ACFBD6-90F7-4CE6-BA5E-E20CE91D649E}.Debug|Any CPU.ActiveCfg = Debug|Any CPU
		{56ACFBD6-90F7-4CE6-BA5E-E20CE91D649E}.Debug|Any CPU.Build.0 = Debug|Any CPU
		{56ACFBD6-90F7-4CE6-BA5E-E20CE91D649E}.Release|Any CPU.ActiveCfg = Release|Any CPU
		{56ACFBD6-90F7-4CE6-BA5E-E20CE91D649E}.Release|Any CPU.Build.0 = Release|Any CPU

		{AA85EEB3-0632-476E-BF31-03FE8A581A60}.Debug|Any CPU.ActiveCfg = Debug|Any CPU
		{AA85EEB3-0632-476E-BF31-03FE8A581A60}.Debug|Any CPU.Build.0 = Debug|Any CPU
		{AA85EEB3-0632-476E-BF31-03FE8A581A60}.Release|Any CPU.ActiveCfg = Release|Any CPU
		{AA85EEB3-0632-476E-BF31-03FE8A581A60}.Release|Any CPU.Build.0 = Release|Any CPU

		{C73C8808-A963-4C06-9435-8317409946A5}.Debug|Any CPU.ActiveCfg = Debug|Any CPU
		{C73C8808-A963-4C06-9435-8317409946A5}.Debug|Any CPU.Build.0 = Debug|Any CPU
		{C73C8808-A963-4C06-9435-8317409946A5}.Release|Any CPU.ActiveCfg = Release|Any CPU
		{C73C8808-A963-4C06-9435-8317409946A5}.Release|Any CPU.Build.0 = Release|Any CPU
    
	EndGlobalSection
	GlobalSection(SolutionProperties) = preSolution
		HideSolutionNode = FALSE
	EndGlobalSection
	GlobalSection(ExtensibilityGlobals) = postSolution
		SolutionGuid = {6D0AAB92-0387-480A-B4EC-F4A6384DBB28}
	EndGlobalSection
EndGlobal
